{
  "name": "codeclash",
  "lockfileVersion": 3,
  "requires": true,
  "packages": {
    "": {
      "dependencies": {
        "@arwes/react": "^1.0.0-alpha.23"
      }
    },
    "node_modules/@arwes/animated": {
      "version": "1.0.0-next.24111501",
      "resolved": "https://registry.npmjs.org/@arwes/animated/-/animated-1.0.0-next.24111501.tgz",
      "integrity": "sha512-HH4H7161RoOlnRGmEjI495NpbJODd9O76N8EzXFini5lF15wIMZaXI87Ckq4Qe8UfedSuXi01UrV+6WIjoHrNQ==",
      "license": "MIT",
      "dependencies": {
        "@arwes/animator": "^1.0.0-next.24111501",
        "csstype": "3",
        "tslib": "2"
      },
      "funding": {
        "url": "https://github.com/sponsors/romelperez"
      },
      "peerDependencies": {
        "motion": "10"
      }
    },
    "node_modules/@arwes/animator": {
      "version": "1.0.0-next.24111501",
      "resolved": "https://registry.npmjs.org/@arwes/animator/-/animator-1.0.0-next.24111501.tgz",
      "integrity": "sha512-yqqHgs/rDQNNC5eRg82o3dd7QSUe//mQ0MgD0be6yp6Is7l9oN5NzFM+v+e49Zfqpi0w/dw2kx//CbPwUEBTvQ==",
      "license": "MIT",
      "dependencies": {
        "@arwes/tools": "^1.0.0-next.24111501",
        "tslib": "2"
      },
      "funding": {
        "url": "https://github.com/sponsors/romelperez"
      }
    },
    "node_modules/@arwes/bgs": {
      "version": "1.0.0-next.24111501",
      "resolved": "https://registry.npmjs.org/@arwes/bgs/-/bgs-1.0.0-next.24111501.tgz",
      "integrity": "sha512-ssa8mamdnzdUihtrVdZDQSIaNLmdgmQ3O1CXBe+Xf9BpvJd9OMfsFoETLcYAFKGfWyskhxlQQIhSqXJ1sX8oUw==",
      "license": "MIT",
      "dependencies": {
        "@arwes/animated": "^1.0.0-next.24111501",
        "@arwes/animator": "^1.0.0-next.24111501",
        "tslib": "2"
      },
      "funding": {
        "url": "https://github.com/sponsors/romelperez"
      }
    },
    "node_modules/@arwes/bleeps": {
      "version": "1.0.0-next.24111501",
      "resolved": "https://registry.npmjs.org/@arwes/bleeps/-/bleeps-1.0.0-next.24111501.tgz",
      "integrity": "sha512-toWnCZQ23fAvAyDRrE1BEKW1HCxjgjjvqDdjF1vB4Xvlw1/pJ4OhjuGi+irRjLhqwpUhRbNw8vyqY+OmiEhobw==",
      "license": "MIT",
      "dependencies": {
        "@arwes/tools": "^1.0.0-next.24111501",
        "tslib": "2"
      },
      "funding": {
        "url": "https://github.com/sponsors/romelperez"
      }
    },
    "node_modules/@arwes/effects": {
      "version": "1.0.0-next.24111501",
      "resolved": "https://registry.npmjs.org/@arwes/effects/-/effects-1.0.0-next.24111501.tgz",
      "integrity": "sha512-v192A7swrSC7kYbi8lWAD59GATr8aDbf1H+WgBfdwgWcPfnpib/kezwObouLoQCPxtOx4AQvnG0svg/d2fDEHA==",
      "license": "MIT",
      "dependencies": {
        "@arwes/animated": "^1.0.0-next.24111501",
        "csstype": "3",
        "tslib": "2"
      },
      "funding": {
        "url": "https://github.com/sponsors/romelperez"
      },
      "peerDependencies": {
        "motion": "10"
      }
    },
    "node_modules/@arwes/frames": {
      "version": "1.0.0-next.24111501",
      "resolved": "https://registry.npmjs.org/@arwes/frames/-/frames-1.0.0-next.24111501.tgz",
      "integrity": "sha512-yWRO/y7eN3y+xS7RXE89cg6z0u4yTGRkUqireHqN+E3x3D6H/jNtd91kpt1GeS8eQTm0Qdx7byHOin/ynuF/Jg==",
      "license": "MIT",
      "dependencies": {
        "@arwes/animated": "^1.0.0-next.24111501",
        "@arwes/tools": "^1.0.0-next.24111501",
        "csstype": "3",
        "tslib": "2"
      },
      "funding": {
        "url": "https://github.com/sponsors/romelperez"
      },
      "peerDependencies": {
        "motion": "10"
      }
    },
    "node_modules/@arwes/react": {
      "version": "1.0.0-next.24111501",
      "resolved": "https://registry.npmjs.org/@arwes/react/-/react-1.0.0-next.24111501.tgz",
      "integrity": "sha512-zOMo5C/Y2ChT3H5/Kkj11oo8fT5zaOWsVjXjOMk5/AllT4S5Oevqmh5E+0shwCt+qdISOYcm0eusGBLzSJqfYQ==",
      "license": "MIT",
      "dependencies": {
        "@arwes/react-animated": "^1.0.0-next.24111501",
        "@arwes/react-animator": "^1.0.0-next.24111501",
        "@arwes/react-bgs": "^1.0.0-next.24111501",
        "@arwes/react-bleeps": "^1.0.0-next.24111501",
        "@arwes/react-core": "^1.0.0-next.24111501",
        "@arwes/react-effects": "^1.0.0-next.24111501",
        "@arwes/react-frames": "^1.0.0-next.24111501",
        "@arwes/react-text": "^1.0.0-next.24111501",
        "@arwes/react-tools": "^1.0.0-next.24111501",
        "arwes": "^1.0.0-next.24111501",
        "tslib": "2"
      },
      "funding": {
        "url": "https://github.com/sponsors/romelperez"
      },
      "peerDependencies": {
        "react": "18"
      }
    },
    "node_modules/@arwes/react-animated": {
      "version": "1.0.0-next.24111501",
      "resolved": "https://registry.npmjs.org/@arwes/react-animated/-/react-animated-1.0.0-next.24111501.tgz",
      "integrity": "sha512-m8cnsAICRXAkD7BrJeuTqXTB4+705xw5HbJhPJmNF7dI743IjO9xmkPXlpsVJMu/vgWJOum5zoYu2eyr3Q0Gmg==",
      "license": "MIT",
      "dependencies": {
        "@arwes/animated": "^1.0.0-next.24111501",
        "@arwes/animator": "^1.0.0-next.24111501",
        "@arwes/react-animator": "^1.0.0-next.24111501",
        "@arwes/react-tools": "^1.0.0-next.24111501",
        "@arwes/tools": "^1.0.0-next.24111501",
        "tslib": "2"
      },
      "funding": {
        "url": "https://github.com/sponsors/romelperez"
      },
      "peerDependencies": {
        "react": "18"
      }
    },
    "node_modules/@arwes/react-animator": {
      "version": "1.0.0-next.24111501",
      "resolved": "https://registry.npmjs.org/@arwes/react-animator/-/react-animator-1.0.0-next.24111501.tgz",
      "integrity": "sha512-HOKGZ55VsIXcDizJmChFXsq0sWzza0SxvOfzRuGt02TZSvWHeuF3Cru7yXywZE98wQNhzrT0om1bZxH6Mmw+bQ==",
      "license": "MIT",
      "dependencies": {
        "@arwes/animator": "^1.0.0-next.24111501",
        "@arwes/react-tools": "^1.0.0-next.24111501",
        "@arwes/tools": "^1.0.0-next.24111501",
        "tslib": "2"
      },
      "funding": {
        "url": "https://github.com/sponsors/romelperez"
      },
      "peerDependencies": {
        "react": "18"
      }
    },
    "node_modules/@arwes/react-bgs": {
      "version": "1.0.0-next.24111501",
      "resolved": "https://registry.npmjs.org/@arwes/react-bgs/-/react-bgs-1.0.0-next.24111501.tgz",
      "integrity": "sha512-f418bgUoAaUmm/i2IpS/Q98GVyyQOGch/47ZYXcgErAtY7/Zyc+Wm8KapjLXUIm02J3FGocZyJR0q0RaA78IRw==",
      "license": "MIT",
      "dependencies": {
        "@arwes/animated": "^1.0.0-next.24111501",
        "@arwes/animator": "^1.0.0-next.24111501",
        "@arwes/bgs": "^1.0.0-next.24111501",
        "@arwes/react-animator": "^1.0.0-next.24111501",
        "@arwes/react-tools": "^1.0.0-next.24111501",
        "@arwes/tools": "^1.0.0-next.24111501",
        "tslib": "2"
      },
      "funding": {
        "url": "https://github.com/sponsors/romelperez"
      },
      "peerDependencies": {
        "react": "18"
      }
    },
    "node_modules/@arwes/react-bleeps": {
      "version": "1.0.0-next.24111501",
      "resolved": "https://registry.npmjs.org/@arwes/react-bleeps/-/react-bleeps-1.0.0-next.24111501.tgz",
      "integrity": "sha512-BfEzil0LeQcrvqEmrKPx4urBWF6aVIYGQMTf2QkQPjXmOMThjJIflVdmUNCpjjC/fnmyYGS3HxbNwVObbcM6NA==",
      "license": "MIT",
      "dependencies": {
        "@arwes/bleeps": "^1.0.0-next.24111501",
        "@arwes/react-tools": "^1.0.0-next.24111501",
        "tslib": "2"
      },
      "funding": {
        "url": "https://github.com/sponsors/romelperez"
      },
      "peerDependencies": {
        "react": "18"
      }
    },
    "node_modules/@arwes/react-core": {
      "version": "1.0.0-next.24111501",
      "resolved": "https://registry.npmjs.org/@arwes/react-core/-/react-core-1.0.0-next.24111501.tgz",
      "integrity": "sha512-HEATBmTxKCmYifjWG3ahcqv5Bg5ol5yqSEcv/x7Nv6UdwbY1WjhvhVGNVofMe/NZbxJNIT/dGIDdVarjgJf2Nw==",
      "license": "MIT",
      "dependencies": {
        "@arwes/animated": "^1.0.0-next.24111501",
        "@arwes/animator": "^1.0.0-next.24111501",
        "@arwes/bleeps": "^1.0.0-next.24111501",
        "@arwes/react-animator": "^1.0.0-next.24111501",
        "@arwes/react-bleeps": "^1.0.0-next.24111501",
        "@arwes/react-tools": "^1.0.0-next.24111501",
        "tslib": "2"
      },
      "funding": {
        "url": "https://github.com/sponsors/romelperez"
      },
      "peerDependencies": {
        "motion": "10",
        "react": "18"
      }
    },
    "node_modules/@arwes/react-effects": {
      "version": "1.0.0-next.24111501",
      "resolved": "https://registry.npmjs.org/@arwes/react-effects/-/react-effects-1.0.0-next.24111501.tgz",
      "integrity": "sha512-/7bKnquGK7JZQKVqIiMyqxBP6Tez6jO9ft4QajBzyn/2hV2mE3YVSxRs3fIJHqVN9wqVy4O2fyPCYDn0bVT1Eg==",
      "license": "MIT",
      "dependencies": {
        "@arwes/effects": "^1.0.0-next.24111501",
        "@arwes/react-tools": "^1.0.0-next.24111501",
        "@arwes/tools": "^1.0.0-next.24111501",
        "tslib": "2"
      },
      "funding": {
        "url": "https://github.com/sponsors/romelperez"
      },
      "peerDependencies": {
        "react": "18"
      }
    },
    "node_modules/@arwes/react-frames": {
      "version": "1.0.0-next.24111501",
      "resolved": "https://registry.npmjs.org/@arwes/react-frames/-/react-frames-1.0.0-next.24111501.tgz",
      "integrity": "sha512-K8RnWxcf7E35Wb0Z+oU7pd5DO+LwEmsJlNtBtZmsSoP/gmG3Xg+BR9i1eUqRmCix66AKWOg4DpTJcft6wSuuoA==",
      "license": "MIT",
      "dependencies": {
        "@arwes/frames": "^1.0.0-next.24111501",
        "@arwes/react-animator": "^1.0.0-next.24111501",
        "@arwes/react-tools": "^1.0.0-next.24111501",
        "@arwes/tools": "^1.0.0-next.24111501",
        "tslib": "2"
      },
      "funding": {
        "url": "https://github.com/sponsors/romelperez"
      },
      "peerDependencies": {
        "react": "18"
      }
    },
    "node_modules/@arwes/react-text": {
      "version": "1.0.0-next.24111501",
      "resolved": "https://registry.npmjs.org/@arwes/react-text/-/react-text-1.0.0-next.24111501.tgz",
      "integrity": "sha512-PjNew9U3fCbHfLBhXVRoAWoo3IkGh5NOVBkEMUxhqmtGWkwnAc/Wr1ODV/LpKnNGWYREYBdv5SZv9X+mLnE9lA==",
      "license": "MIT",
      "dependencies": {
        "@arwes/animator": "^1.0.0-next.24111501",
        "@arwes/react-animator": "^1.0.0-next.24111501",
        "@arwes/react-tools": "^1.0.0-next.24111501",
        "@arwes/text": "^1.0.0-next.24111501",
        "@arwes/tools": "^1.0.0-next.24111501",
        "tslib": "2"
      },
      "funding": {
        "url": "https://github.com/sponsors/romelperez"
      },
      "peerDependencies": {
        "react": "18"
      }
    },
    "node_modules/@arwes/react-tools": {
      "version": "1.0.0-next.24111501",
      "resolved": "https://registry.npmjs.org/@arwes/react-tools/-/react-tools-1.0.0-next.24111501.tgz",
      "integrity": "sha512-YqakryrTLhc856c+6DhmpTt/goiQRrOXa4IHSxg4ZZDAmitvNSW5vaCRRhlyoahKsinEpJOGo/Dnv/aWfGyz0w==",
      "license": "MIT",
      "dependencies": {
        "tslib": "2"
      },
      "funding": {
        "url": "https://github.com/sponsors/romelperez"
      },
      "peerDependencies": {
        "react": "18"
      }
    },
    "node_modules/@arwes/styles": {
      "version": "1.0.0-next.24111501",
      "resolved": "https://registry.npmjs.org/@arwes/styles/-/styles-1.0.0-next.24111501.tgz",
      "integrity": "sha512-x3AfRl6rB7bNUdvINRxhpIqwuFGl6OqIAET4TjdJuJu0XV9p54iyEH+IkbdH5StP+vzxY+e19cksBO6LR+XyaQ==",
      "license": "MIT",
      "dependencies": {
        "tslib": "2"
      },
      "funding": {
        "url": "https://github.com/sponsors/romelperez"
      }
    },
    "node_modules/@arwes/text": {
      "version": "1.0.0-next.24111501",
      "resolved": "https://registry.npmjs.org/@arwes/text/-/text-1.0.0-next.24111501.tgz",
      "integrity": "sha512-jLSkeKb0IZMdD6C5YoCS5xggORA2zl+8ViwWoO3p92I70woyZ/6ehC30KbNMqCIlzHl4XnsYl05wVmmvGUwBMg==",
      "license": "MIT",
      "dependencies": {
        "@arwes/animated": "^1.0.0-next.24111501",
        "@arwes/tools": "^1.0.0-next.24111501",
        "tslib": "2"
      },
      "funding": {
        "url": "https://github.com/sponsors/romelperez"
      }
    },
    "node_modules/@arwes/theme": {
      "version": "1.0.0-next.24111501",
      "resolved": "https://registry.npmjs.org/@arwes/theme/-/theme-1.0.0-next.24111501.tgz",
      "integrity": "sha512-oQeIy4OVtyubuMNVQmNj1CPbe4ofmtrz/0ue+t06lj8dQ2N0H+xDdriQWO5iT+iAHeJJ53fa7sKzpL5MjGQrag==",
      "license": "MIT",
      "dependencies": {
        "@arwes/tools": "^1.0.0-next.24111501",
        "csstype": "3",
        "tslib": "2"
      },
      "funding": {
        "url": "https://github.com/sponsors/romelperez"
      }
    },
    "node_modules/@arwes/tools": {
      "version": "1.0.0-next.24111501",
      "resolved": "https://registry.npmjs.org/@arwes/tools/-/tools-1.0.0-next.24111501.tgz",
      "integrity": "sha512-cGHSlwPSK01Y8Jd7fLE4RAr6psF+j1nHMg1+6UVr+y6wif/wzCgjvogTLpLigkSm/PhJKGa/VW7ZUIulOl6QnA==",
      "license": "MIT",
      "dependencies": {
        "tslib": "2"
      },
      "funding": {
        "url": "https://github.com/sponsors/romelperez"
      }
    },
    "node_modules/@motionone/animation": {
      "version": "10.18.0",
      "resolved": "https://registry.npmjs.org/@motionone/animation/-/animation-10.18.0.tgz",
      "integrity": "sha512-9z2p5GFGCm0gBsZbi8rVMOAJCtw1WqBTIPw3ozk06gDvZInBPIsQcHgYogEJ4yuHJ+akuW8g1SEIOpTOvYs8hw==",
      "license": "MIT",
      "peer": true,
      "dependencies": {
        "@motionone/easing": "^10.18.0",
        "@motionone/types": "^10.17.1",
        "@motionone/utils": "^10.18.0",
        "tslib": "^2.3.1"
      }
    },
    "node_modules/@motionone/dom": {
      "version": "10.18.0",
      "resolved": "https://registry.npmjs.org/@motionone/dom/-/dom-10.18.0.tgz",
      "integrity": "sha512-bKLP7E0eyO4B2UaHBBN55tnppwRnaE3KFfh3Ps9HhnAkar3Cb69kUCJY9as8LrccVYKgHA+JY5dOQqJLOPhF5A==",
      "license": "MIT",
      "peer": true,
      "dependencies": {
        "@motionone/animation": "^10.18.0",
        "@motionone/generators": "^10.18.0",
        "@motionone/types": "^10.17.1",
        "@motionone/utils": "^10.18.0",
        "hey-listen": "^1.0.8",
        "tslib": "^2.3.1"
      }
    },
    "node_modules/@motionone/easing": {
      "version": "10.18.0",
      "resolved": "https://registry.npmjs.org/@motionone/easing/-/easing-10.18.0.tgz",
      "integrity": "sha512-VcjByo7XpdLS4o9T8t99JtgxkdMcNWD3yHU/n6CLEz3bkmKDRZyYQ/wmSf6daum8ZXqfUAgFeCZSpJZIMxaCzg==",
      "license": "MIT",
      "peer": true,
      "dependencies": {
        "@motionone/utils": "^10.18.0",
        "tslib": "^2.3.1"
      }
    },
    "node_modules/@motionone/generators": {
      "version": "10.18.0",
      "resolved": "https://registry.npmjs.org/@motionone/generators/-/generators-10.18.0.tgz",
      "integrity": "sha512-+qfkC2DtkDj4tHPu+AFKVfR/C30O1vYdvsGYaR13W/1cczPrrcjdvYCj0VLFuRMN+lP1xvpNZHCRNM4fBzn1jg==",
      "license": "MIT",
      "peer": true,
      "dependencies": {
        "@motionone/types": "^10.17.1",
        "@motionone/utils": "^10.18.0",
        "tslib": "^2.3.1"
      }
    },
    "node_modules/@motionone/types": {
      "version": "10.17.1",
      "resolved": "https://registry.npmjs.org/@motionone/types/-/types-10.17.1.tgz",
      "integrity": "sha512-KaC4kgiODDz8hswCrS0btrVrzyU2CSQKO7Ps90ibBVSQmjkrt2teqta6/sOG59v7+dPnKMAg13jyqtMKV2yJ7A==",
      "license": "MIT",
      "peer": true
    },
    "node_modules/@motionone/utils": {
      "version": "10.18.0",
      "resolved": "https://registry.npmjs.org/@motionone/utils/-/utils-10.18.0.tgz",
      "integrity": "sha512-3XVF7sgyTSI2KWvTf6uLlBJ5iAgRgmvp3bpuOiQJvInd4nZ19ET8lX5unn30SlmRH7hXbBbH+Gxd0m0klJ3Xtw==",
      "license": "MIT",
      "peer": true,
      "dependencies": {
        "@motionone/types": "^10.17.1",
        "hey-listen": "^1.0.8",
        "tslib": "^2.3.1"
      }
    },
    "node_modules/arwes": {
      "version": "1.0.0-next.24111501",
      "resolved": "https://registry.npmjs.org/arwes/-/arwes-1.0.0-next.24111501.tgz",
      "integrity": "sha512-xW0a5udIbmJYM4p1zcVzNnKF8pB1CQtFKCMYPm2WMtZ4fsLIu9qoiTbcFQ1YTcjUFsq3fOizc3RNo+Sus4klAg==",
      "license": "MIT",
      "dependencies": {
        "@arwes/animated": "^1.0.0-next.24111501",
        "@arwes/animator": "^1.0.0-next.24111501",
        "@arwes/bgs": "^1.0.0-next.24111501",
        "@arwes/bleeps": "^1.0.0-next.24111501",
        "@arwes/effects": "^1.0.0-next.24111501",
        "@arwes/frames": "^1.0.0-next.24111501",
        "@arwes/styles": "^1.0.0-next.24111501",
        "@arwes/text": "^1.0.0-next.24111501",
        "@arwes/theme": "^1.0.0-next.24111501",
        "@arwes/tools": "^1.0.0-next.24111501",
        "tslib": "2"
      },
      "funding": {
        "url": "https://github.com/sponsors/romelperez"
      }
    },
    "node_modules/csstype": {
      "version": "3.1.3",
      "resolved": "https://registry.npmjs.org/csstype/-/csstype-3.1.3.tgz",
      "integrity": "sha512-M1uQkMl8rQK/szD0LNhtqxIPLpimGm8sOBwU7lLnCpSbTyY3yeU1Vc7l4KT5zT4s/yOxHH5O7tIuuLOCnLADRw==",
      "license": "MIT"
    },
    "node_modules/hey-listen": {
      "version": "1.0.8",
      "resolved": "https://registry.npmjs.org/hey-listen/-/hey-listen-1.0.8.tgz",
      "integrity": "sha512-COpmrF2NOg4TBWUJ5UVyaCU2A88wEMkUPK4hNqyCkqHbxT92BbvfjoSozkAIIm6XhicGlJHhFdullInrdhwU8Q==",
      "license": "MIT",
      "peer": true
    },
    "node_modules/js-tokens": {
      "version": "4.0.0",
      "resolved": "https://registry.npmjs.org/js-tokens/-/js-tokens-4.0.0.tgz",
      "integrity": "sha512-RdJUflcE3cUzKiMqQgsCu06FPu9UdIJO0beYbPhHN4k6apgJtifcoCtT9bcxOpYBtpD2kCM6Sbzg4CausW/PKQ==",
      "license": "MIT",
      "peer": true
    },
    "node_modules/loose-envify": {
      "version": "1.4.0",
      "resolved": "https://registry.npmjs.org/loose-envify/-/loose-envify-1.4.0.tgz",
      "integrity": "sha512-lyuxPGr/Wfhrlem2CL/UcnUc1zcqKAImBDzukY7Y5F/yQiNdko6+fRLevlw1HgMySw7f611UIY408EtxRSoK3Q==",
      "license": "MIT",
      "peer": true,
      "dependencies": {
        "js-tokens": "^3.0.0 || ^4.0.0"
      },
      "bin": {
        "loose-envify": "cli.js"
      }
    },
    "node_modules/motion": {
      "version": "10.18.0",
      "resolved": "https://registry.npmjs.org/motion/-/motion-10.18.0.tgz",
      "integrity": "sha512-MVAZZmwM/cp77BrNe1TxTMldxRPjwBNHheU5aPToqT4rJdZxLiADk58H+a0al5jKLxkB0OdgNq6DiVn11cjvIQ==",
      "license": "MIT",
      "peer": true,
      "dependencies": {
        "@motionone/animation": "^10.18.0",
        "@motionone/dom": "^10.18.0",
        "@motionone/types": "^10.17.1",
        "@motionone/utils": "^10.18.0"
      }
    },
    "node_modules/react": {
      "version": "18.3.1",
      "resolved": "https://registry.npmjs.org/react/-/react-18.3.1.tgz",
      "integrity": "sha512-wS+hAgJShR0KhEvPJArfuPVN1+Hz1t0Y6n5jLrGQbkb4urgPE/0Rve+1kMB1v/oWgHgm4WIcV+i7F2pTVj+2iQ==",
      "license": "MIT",
      "peer": true,
      "dependencies": {
        "loose-envify": "^1.1.0"
      },
      "engines": {
        "node": ">=0.10.0"
      }
    },
    "node_modules/tslib": {
      "version": "2.8.1",
      "resolved": "https://registry.npmjs.org/tslib/-/tslib-2.8.1.tgz",
      "integrity": "sha512-oJFu94HQb+KVduSUQL7wnpmqnfmLsOA/nAh6b6EH0wCEoK0/mPeXU6c3wKDV83MkOuHPRHtSXKKU99IBazS/2w==",
      "license": "0BSD"
    }
  }
}
